
Microsoft Visual Studio Solution File, Format Version 12.00
# Visual Studio Version 17
VisualStudioVersion = 17.5.002.0
MinimumVisualStudioVersion = 10.0.40219.1
Project("{9A19103F-16F7-4668-BE54-9A1E7A4F7556}") = "MovieSearchBackend", "MovieSearchBackend.csproj", "{C3F18CBA-6ED8-43D3-A98A-0D1CCFA31EDF}"
EndProject
Global
	GlobalSection(SolutionConfigurationPlatforms) = preSolution
		Debug|Any CPU = Debug|Any CPU
		Release|Any CPU = Release|Any CPU
	EndGlobalSection
	GlobalSection(ProjectConfigurationPlatforms) = postSolution
		{C3F18CBA-6ED8-43D3-A98A-0D1CCFA31EDF}.Debug|Any CPU.ActiveCfg = Debug|Any CPU
		{C3F18CBA-6ED8-43D3-A98A-0D1CCFA31EDF}.Debug|Any CPU.Build.0 = Debug|Any CPU
		{C3F18CBA-6ED8-43D3-A98A-0D1CCFA31EDF}.Release|Any CPU.ActiveCfg = Release|Any CPU
		{C3F18CBA-6ED8-43D3-A98A-0D1CCFA31EDF}.Release|Any CPU.Build.0 = Release|Any CPU
	EndGlobalSection
	GlobalSection(SolutionProperties) = preSolution
		HideSolutionNode = FALSE
	EndGlobalSection
	GlobalSection(ExtensibilityGlobals) = postSolution
		SolutionGuid = {DFDA2BB6-B89A-42D2-B7AC-8128AEF3B6F0}
	EndGlobalSection
EndGlobal
